
Microsoft Visual Studio Solution File, Format Version 12.00
# Visual Studio Version 16
VisualStudioVersion = 16.0.31911.196
MinimumVisualStudioVersion = 10.0.40219.1
Project("{FAE04EC0-301F-11D3-BF4B-00C04F79EFBC}") = "NyamNyamDesktopApp", "NyamNyamDesktopApp.csproj", "{3F7C6A13-9CA1-4996-AADD-3E4506ED7F62}"
EndProject
Global
	GlobalSection(SolutionConfigurationPlatforms) = preSolution
		Debug|Any CPU = Debug|Any CPU
		Release|Any CPU = Release|Any CPU
	EndGlobalSection
	GlobalSection(ProjectConfigurationPlatforms) = postSolution
		{3F7C6A13-9CA1-4996-AADD-3E4506ED7F62}.Debug|Any CPU.ActiveCfg = Debug|Any CPU
		{3F7C6A13-9CA1-4996-AADD-3E4506ED7F62}.Debug|Any CPU.Build.0 = Debug|Any CPU
		{3F7C6A13-9CA1-4996-AADD-3E4506ED7F62}.Release|Any CPU.ActiveCfg = Release|Any CPU
		{3F7C6A13-9CA1-4996-AADD-3E4506ED7F62}.Release|Any CPU.Build.0 = Release|Any CPU
	EndGlobalSection
	GlobalSection(SolutionProperties) = preSolution
		HideSolutionNode = FALSE
	EndGlobalSection
	GlobalSection(ExtensibilityGlobals) = postSolution
		SolutionGuid = {BE9E2A71-F3BC-46E8-9AAD-3FB4F63F7E43}
	EndGlobalSection
EndGlobal
